
Microsoft Visual Studio Solution File, Format Version 12.00
# Visual Studio Version 17
VisualStudioVersion = 17.5.33424.131
MinimumVisualStudioVersion = 10.0.40219.1
Project("{2150E333-8FDC-42A3-9474-1A3956D46DE8}") = "1-API", "1-API", "{D68AA7AA-DB6A-4E39-B74E-C2420312ED6C}"
EndProject
Project("{2150E333-8FDC-42A3-9474-1A3956D46DE8}") = "2-Application", "2-Application", "{38540F76-0070-4CA2-BA48-6C62C6B2B79A}"
EndProject
Project("{2150E333-8FDC-42A3-9474-1A3956D46DE8}") = "3-Domain", "3-Domain", "{D2433661-91C0-4419-9813-02043B3B6638}"
EndProject
Project("{2150E333-8FDC-42A3-9474-1A3956D46DE8}") = "4-Infra", "4-Infra", "{63DF9621-4C8B-479C-B9EF-EE372E1BCA4E}"
EndProject
Project("{2150E333-8FDC-42A3-9474-1A3956D46DE8}") = "5-Robot", "5-Robot", "{5DD9B73A-AE58-4854-81C6-62A347B32DD1}"
EndProject
Project("{FAE04EC0-301F-11D3-BF4B-00C04F79EFBC}") = "PriceBot.Application", "src\PriceBot.Application\PriceBot.Application.csproj", "{BE4C27BE-0F39-474A-889C-3DE32D9A9F75}"
EndProject
Project("{FAE04EC0-301F-11D3-BF4B-00C04F79EFBC}") = "PriceBot.Domain", "src\PriceBot.Domain\PriceBot.Domain.csproj", "{C3CCC14C-6664-44A4-8129-D8B5FAFB888A}"
EndProject
Project("{FAE04EC0-301F-11D3-BF4B-00C04F79EFBC}") = "PriceBot.Infra.Data", "src\PriceBot.Infra.Data\PriceBot.Infra.Data.csproj", "{8D68BCAC-B7BE-425E-81C3-B353BFE07D6A}"
EndProject
Project("{FAE04EC0-301F-11D3-BF4B-00C04F79EFBC}") = "PriceBot.Infra.IoC", "src\PriceBot.Infra.IoC\PriceBot.Infra.IoC.csproj", "{CF0778B3-F8E3-4196-95F1-1EDB99DD77D9}"
EndProject
Project("{FAE04EC0-301F-11D3-BF4B-00C04F79EFBC}") = "PriceBot.API", "src\PriceBot.API\PriceBot.API.csproj", "{E38887F5-B07C-483A-9E43-1E29CC1FD417}"
EndProject
Global
	GlobalSection(SolutionConfigurationPlatforms) = preSolution
		Debug|Any CPU = Debug|Any CPU
		Release|Any CPU = Release|Any CPU
	EndGlobalSection
	GlobalSection(ProjectConfigurationPlatforms) = postSolution
		{BE4C27BE-0F39-474A-889C-3DE32D9A9F75}.Debug|Any CPU.ActiveCfg = Debug|Any CPU
		{BE4C27BE-0F39-474A-889C-3DE32D9A9F75}.Debug|Any CPU.Build.0 = Debug|Any CPU
		{BE4C27BE-0F39-474A-889C-3DE32D9A9F75}.Release|Any CPU.ActiveCfg = Release|Any CPU
		{BE4C27BE-0F39-474A-889C-3DE32D9A9F75}.Release|Any CPU.Build.0 = Release|Any CPU
		{C3CCC14C-6664-44A4-8129-D8B5FAFB888A}.Debug|Any CPU.ActiveCfg = Debug|Any CPU
		{C3CCC14C-6664-44A4-8129-D8B5FAFB888A}.Debug|Any CPU.Build.0 = Debug|Any CPU
		{C3CCC14C-6664-44A4-8129-D8B5FAFB888A}.Release|Any CPU.ActiveCfg = Release|Any CPU
		{C3CCC14C-6664-44A4-8129-D8B5FAFB888A}.Release|Any CPU.Build.0 = Release|Any CPU
		{8D68BCAC-B7BE-425E-81C3-B353BFE07D6A}.Debug|Any CPU.ActiveCfg = Debug|Any CPU
		{8D68BCAC-B7BE-425E-81C3-B353BFE07D6A}.Debug|Any CPU.Build.0 = Debug|Any CPU
		{8D68BCAC-B7BE-425E-81C3-B353BFE07D6A}.Release|Any CPU.ActiveCfg = Release|Any CPU
		{8D68BCAC-B7BE-425E-81C3-B353BFE07D6A}.Release|Any CPU.Build.0 = Release|Any CPU
		{CF0778B3-F8E3-4196-95F1-1EDB99DD77D9}.Debug|Any CPU.ActiveCfg = Debug|Any CPU
		{CF0778B3-F8E3-4196-95F1-1EDB99DD77D9}.Debug|Any CPU.Build.0 = Debug|Any CPU
		{CF0778B3-F8E3-4196-95F1-1EDB99DD77D9}.Release|Any CPU.ActiveCfg = Release|Any CPU
		{CF0778B3-F8E3-4196-95F1-1EDB99DD77D9}.Release|Any CPU.Build.0 = Release|Any CPU
		{E38887F5-B07C-483A-9E43-1E29CC1FD417}.Debug|Any CPU.ActiveCfg = Debug|Any CPU
		{E38887F5-B07C-483A-9E43-1E29CC1FD417}.Debug|Any CPU.Build.0 = Debug|Any CPU
		{E38887F5-B07C-483A-9E43-1E29CC1FD417}.Release|Any CPU.ActiveCfg = Release|Any CPU
		{E38887F5-B07C-483A-9E43-1E29CC1FD417}.Release|Any CPU.Build.0 = Release|Any CPU
	EndGlobalSection
	GlobalSection(SolutionProperties) = preSolution
		HideSolutionNode = FALSE
	EndGlobalSection
	GlobalSection(NestedProjects) = preSolution
		{BE4C27BE-0F39-474A-889C-3DE32D9A9F75} = {38540F76-0070-4CA2-BA48-6C62C6B2B79A}
		{C3CCC14C-6664-44A4-8129-D8B5FAFB888A} = {D2433661-91C0-4419-9813-02043B3B6638}
		{8D68BCAC-B7BE-425E-81C3-B353BFE07D6A} = {63DF9621-4C8B-479C-B9EF-EE372E1BCA4E}
		{CF0778B3-F8E3-4196-95F1-1EDB99DD77D9} = {63DF9621-4C8B-479C-B9EF-EE372E1BCA4E}
		{E38887F5-B07C-483A-9E43-1E29CC1FD417} = {D68AA7AA-DB6A-4E39-B74E-C2420312ED6C}
	EndGlobalSection
	GlobalSection(ExtensibilityGlobals) = postSolution
		SolutionGuid = {89BDA33C-1F54-4F95-993B-0A6E4E51BBA4}
	EndGlobalSection
EndGlobal
